
Microsoft Visual Studio Solution File, Format Version 12.00
# Visual Studio Version 16
VisualStudioVersion = 16.0.32002.261
MinimumVisualStudioVersion = 10.0.40219.1
Project("{FAE04EC0-301F-11D3-BF4B-00C04F79EFBC}") = "RpgApiExample", "RpgApiExample.csproj", "{EBE1045D-1E03-4E82-8ACE-689493EA745B}"
EndProject
Global
	GlobalSection(SolutionConfigurationPlatforms) = preSolution
		Debug|Any CPU = Debug|Any CPU
		Release|Any CPU = Release|Any CPU
	EndGlobalSection
	GlobalSection(ProjectConfigurationPlatforms) = postSolution
		{EBE1045D-1E03-4E82-8ACE-689493EA745B}.Debug|Any CPU.ActiveCfg = Debug|Any CPU
		{EBE1045D-1E03-4E82-8ACE-689493EA745B}.Debug|Any CPU.Build.0 = Debug|Any CPU
		{EBE1045D-1E03-4E82-8ACE-689493EA745B}.Release|Any CPU.ActiveCfg = Release|Any CPU
		{EBE1045D-1E03-4E82-8ACE-689493EA745B}.Release|Any CPU.Build.0 = Release|Any CPU
	EndGlobalSection
	GlobalSection(SolutionProperties) = preSolution
		HideSolutionNode = FALSE
	EndGlobalSection
	GlobalSection(ExtensibilityGlobals) = postSolution
		SolutionGuid = {1C02A551-5370-42B9-854A-0165DCA890C5}
	EndGlobalSection
EndGlobal
